{
    "name": "ig_hashtag_analyzer",
    "version": "1.0.0",
    "lockfileVersion": 1,
    "requires": true,
    "dependencies": {
        "electron-log": {
            "version": "4.1.2",
            "resolved": "https://registry.npmjs.org/electron-log/-/electron-log-4.1.2.tgz",
            "integrity": "sha512-MGPjGBEj6p0JdJmbqxbGud7kkHdV+T+D7gq1U+mfsnUM+o0bd4nPsQjVdgqQPsj0epoKdGbNIZ4FPpTQKhRfZA=="
        }
    }
}
